
Microsoft Visual Studio Solution File, Format Version 12.00
# Visual Studio 2013
VisualStudioVersion = 12.0.30501.0
MinimumVisualStudioVersion = 10.0.40219.1
Project("{F2A71F9B-5D33-465A-A702-920D77279786}") = "ramlsharp.typeprovider", "ramlsharp.typeprovider\ramlsharp.typeprovider.fsproj", "{481651B4-810D-456F-A53D-F3C5403E3F05}"
EndProject
Project("{F2A71F9B-5D33-465A-A702-920D77279786}") = "ramlsharp.parser", "ramlsharp.parser\ramlsharp.parser.fsproj", "{D1419163-BE3F-4090-8D3C-4D54DC8D7FB6}"
EndProject
Project("{F2A71F9B-5D33-465A-A702-920D77279786}") = "ramlsharp.parser.test", "ramlsharp.parser.test\ramlsharp.parser.test.fsproj", "{A0438E00-B255-4B12-BAC2-49139843BADB}"
EndProject
Global
	GlobalSection(SolutionConfigurationPlatforms) = preSolution
		Debug|Any CPU = Debug|Any CPU
		Release|Any CPU = Release|Any CPU
	EndGlobalSection
	GlobalSection(ProjectConfigurationPlatforms) = postSolution
		{481651B4-810D-456F-A53D-F3C5403E3F05}.Debug|Any CPU.ActiveCfg = Debug|Any CPU
		{481651B4-810D-456F-A53D-F3C5403E3F05}.Debug|Any CPU.Build.0 = Debug|Any CPU
		{481651B4-810D-456F-A53D-F3C5403E3F05}.Release|Any CPU.ActiveCfg = Release|Any CPU
		{481651B4-810D-456F-A53D-F3C5403E3F05}.Release|Any CPU.Build.0 = Release|Any CPU
		{D1419163-BE3F-4090-8D3C-4D54DC8D7FB6}.Debug|Any CPU.ActiveCfg = Debug|Any CPU
		{D1419163-BE3F-4090-8D3C-4D54DC8D7FB6}.Debug|Any CPU.Build.0 = Debug|Any CPU
		{D1419163-BE3F-4090-8D3C-4D54DC8D7FB6}.Release|Any CPU.ActiveCfg = Release|Any CPU
		{D1419163-BE3F-4090-8D3C-4D54DC8D7FB6}.Release|Any CPU.Build.0 = Release|Any CPU
		{A0438E00-B255-4B12-BAC2-49139843BADB}.Debug|Any CPU.ActiveCfg = Debug|Any CPU
		{A0438E00-B255-4B12-BAC2-49139843BADB}.Debug|Any CPU.Build.0 = Debug|Any CPU
		{A0438E00-B255-4B12-BAC2-49139843BADB}.Release|Any CPU.ActiveCfg = Release|Any CPU
		{A0438E00-B255-4B12-BAC2-49139843BADB}.Release|Any CPU.Build.0 = Release|Any CPU
	EndGlobalSection
	GlobalSection(SolutionProperties) = preSolution
		HideSolutionNode = FALSE
	EndGlobalSection
EndGlobal
